
Microsoft Visual Studio Solution File, Format Version 12.00
# Visual Studio Version 17
VisualStudioVersion = 17.5.33530.505
MinimumVisualStudioVersion = 10.0.40219.1
Project("{FAE04EC0-301F-11D3-BF4B-00C04F79EFBC}") = "TestWebApp", "TestWebApp\TestWebApp.csproj", "{1471EA52-2114-4D5B-B132-A8E9C8ADC7EF}"
EndProject
Global
	GlobalSection(SolutionConfigurationPlatforms) = preSolution
		Debug|Any CPU = Debug|Any CPU
		Release|Any CPU = Release|Any CPU
	EndGlobalSection
	GlobalSection(ProjectConfigurationPlatforms) = postSolution
		{1471EA52-2114-4D5B-B132-A8E9C8ADC7EF}.Debug|Any CPU.ActiveCfg = Debug|Any CPU
		{1471EA52-2114-4D5B-B132-A8E9C8ADC7EF}.Debug|Any CPU.Build.0 = Debug|Any CPU
		{1471EA52-2114-4D5B-B132-A8E9C8ADC7EF}.Release|Any CPU.ActiveCfg = Release|Any CPU
		{1471EA52-2114-4D5B-B132-A8E9C8ADC7EF}.Release|Any CPU.Build.0 = Release|Any CPU
	EndGlobalSection
	GlobalSection(SolutionProperties) = preSolution
		HideSolutionNode = FALSE
	EndGlobalSection
	GlobalSection(ExtensibilityGlobals) = postSolution
		SolutionGuid = {8BFE9E47-442F-4B72-B99D-638E674E24E0}
	EndGlobalSection
EndGlobal
